github.com/ebitengine/purego v0.11.0-alpha.6.0.20260707033313-5f49e7c49322 h1:DRV0C+Y8n0cds50o0yWKHWLtfldN40JYRyPuXzSZ4Ac=
github.com/ebitengine/purego v0.11.0-alpha.6.0.20260707033313-5f49e7c49322/go.mod h1:DCHPP08djqhNSoTfImcnHYQRZmd0qhakvrozqaEYhGQ=
golang.org/x/net v0.40.0 h1:79Xs7wF06Gbdcg4kdCCIQArK11Z1hr5POQ6+fIYHNuY=
golang.org/x/net v0.40.0/go.mod h1:y0hY0exeL2Pku80/zKK7tpntoX23cqL3Oa6njdgRtds=
golang.org/x/sys v0.44.0 h1:ildZl3J4uzeKP07r2F++Op7E9B29JRUy+a27EibtBTQ=
golang.org/x/sys v0.44.0/go.mod h1:4GL1E5IUh+htKOUEOaiffhrAeqysfVGipDYzABqnCmw=
golang.org/x/text v0.25.0 h1:qVyWApTSYLk/drJRO5mDlNYskwQznZmkpV2c8q9zls4=
golang.org/x/text v0.25.0/go.mod h1:WEdwpYrmk1qmdHvhkSTNPm3app7v4rsT8F2UD6+VHIA=
hegel.dev/go/hegel v0.9.9 h1:s5k+KAVHbo8J+CwK7Sr+mggNe518WvOhMeU5HvyWAMg=
hegel.dev/go/hegel v0.9.9/go.mod h1:V/dVvRrW9MAzB7m1PLGgVnYtF/Psb4BvKCWkthw5eII=
